<?xml version="1.0" encoding="utf-8"?>
<Project ToolsVersion="4.0" xmlns="http://schemas.microsoft.com/developer/msbuild/2003">
  <ItemGroup>
    <Filter Include="Source Files">
      <UniqueIdentifier>{4FC737F1-C7A5-4376-A066-2A32D752A2FF}</UniqueIdentifier>
      <Extensions>cpp;c;cc;cxx;c++;cppm;ixx;def;odl;idl;hpj;bat;asm;asmx</Extensions>
    </Filter>
    <Filter Include="Header Files">
      <UniqueIdentifier>{93995380-89BD-4b04-88EB-625FBE52EBFB}</UniqueIdentifier>
      <Extensions>h;hh;hpp;hxx;h++;hm;inl;inc;ipp;xsd</Extensions>
    </Filter>
    <Filter Include="Resource Files">
      <UniqueIdentifier>{67DA6AB6-F800-4c08-8B7A-83BB121AAD01}</UniqueIdentifier>
      <Extensions>rc;ico;cur;bmp;dlg;rc2;rct;bin;rgs;gif;jpg;jpeg;jpe;resx;tiff;tif;png;wav;mfcribbon-ms</Extensions>
    </Filter>
    <Filter Include="Source Files\ClassesAndObjects">
      <UniqueIdentifier>{f2d8862e-8af6-44b6-9065-c7300c037fb5}</UniqueIdentifier>
    </Filter>
    <Filter Include="Source Files\Exercises">
      <UniqueIdentifier>{c0124f34-050e-493d-8c28-cbf33e737f00}</UniqueIdentifier>
    </Filter>
  </ItemGroup>
  <ItemGroup>
    <ClCompile Include="main-2022-10-17.cpp">
      <Filter>Source Files</Filter>
    </ClCompile>
    <ClCompile Include="Point.cpp">
      <Filter>Source Files\ClassesAndObjects</Filter>
    </ClCompile>
    <ClCompile Include="Fraction.cpp">
      <Filter>Source Files\ClassesAndObjects</Filter>
    </ClCompile>
    <ClCompile Include="ExamineObjects.cpp">
      <Filter>Source Files\ClassesAndObjects</Filter>
    </ClCompile>
    <ClCompile Include="3DPoint.cpp">
      <Filter>Source Files\ClassesAndObjects</Filter>
    </ClCompile>
    <ClCompile Include="Node.cpp">
      <Filter>Source Files\ClassesAndObjects</Filter>
    </ClCompile>
    <ClCompile Include="Employee.cpp">
      <Filter>Source Files\ClassesAndObjects</Filter>
    </ClCompile>
    <ClCompile Include="PhoneNumber.cpp">
      <Filter>Source Files\ClassesAndObjects</Filter>
    </ClCompile>
    <ClCompile Include="Exercise 2022-10-28.cpp">
      <Filter>Source Files\Exercises</Filter>
    </ClCompile>
  </ItemGroup>
  <ItemGroup>
    <ClInclude Include="Point.h">
      <Filter>Source Files\ClassesAndObjects</Filter>
    </ClInclude>
    <ClInclude Include="Fraction.h">
      <Filter>Source Files\ClassesAndObjects</Filter>
    </ClInclude>
    <ClInclude Include="3DPoint.h">
      <Filter>Source Files\ClassesAndObjects</Filter>
    </ClInclude>
    <ClInclude Include="Employee.h">
      <Filter>Source Files\ClassesAndObjects</Filter>
    </ClInclude>
    <ClInclude Include="Address.h">
      <Filter>Source Files\ClassesAndObjects</Filter>
    </ClInclude>
    <ClInclude Include="PhoneNumber.h">
      <Filter>Source Files\ClassesAndObjects</Filter>
    </ClInclude>
    <ClInclude Include="Node.h">
      <Filter>Source Files\ClassesAndObjects</Filter>
    </ClInclude>
  </ItemGroup>
</Project>